{
  "version": 4,
  "terraform_version": "0.15.0",
  "serial": 25,
  "lineage": "f7323c42-2577-4f31-c203-b5806d383c5c",
  "outputs": {
    "example_app_url": {
      "value": "https://deliveryrh.herokuapp.com",
      "type": "string"
    }
  },
  "resources": [
    {
      "mode": "managed",
      "type": "heroku_app",
      "name": "delivery",
      "provider": "provider[\"registry.terraform.io/heroku/heroku\"]",
      "instances": [
        {
          "schema_version": 0,
          "attributes": {
            "acm": false,
            "all_config_vars": {},
            "buildpacks": [],
            "config_vars": {},
            "git_url": "https://git.heroku.com/deliveryrh.git",
            "heroku_hostname": "deliveryrh.herokuapp.com",
            "id": "deliveryrh",
            "internal_routing": false,
            "name": "deliveryrh",
            "organization": [],
            "region": "eu",
            "sensitive_config_vars": {},
            "space": null,
            "stack": "heroku-20",
            "uuid": "af35a14e-69ae-48f6-8055-68c3694b4e39",
            "web_url": "https://deliveryrh.herokuapp.com/"
          },
          "sensitive_attributes": [],
          "private": "bnVsbA=="
        }
      ]
    },
    {
      "mode": "managed",
      "type": "heroku_formation",
      "name": "delivery",
      "provider": "provider[\"registry.terraform.io/heroku/heroku\"]",
      "instances": []
    }
  ]
}
